{
  "name": "sieve-real-sut",
  "lockfileVersion": 3,
  "requires": true,
  "packages": {
    "": {
      "name": "sieve-real-sut",
      "dependencies": {
        "@noble/post-quantum": "^0.4.0"
      }
    },
    "node_modules/@noble/hashes": {
      "version": "1.8.0",
      "resolved": "https://registry.npmjs.org/@noble/hashes/-/hashes-1.8.0.tgz",
      "integrity": "sha512-jCs9ldd7NwzpgXDIf6P3+NrHh9/sD6CQdxHyjQI+h/6rDNo88ypBxxz45UDuZHz9r3tNz7N/VInSVoVdtXEI4A==",
      "license": "MIT",
      "engines": {
        "node": "^14.21.3 || >=16"
      },
      "funding": {
        "url": "https://paulmillr.com/funding/"
      }
    },
    "node_modules/@noble/post-quantum": {
      "version": "0.4.1",
      "resolved": "https://registry.npmjs.org/@noble/post-quantum/-/post-quantum-0.4.1.tgz",
      "integrity": "sha512-TRXjvnY9jAFNWbxOx+pKt21BNsCEWKFjMbIKwdx9CQXBudDanpY20EfOcooV7DIsRS/+Mf8D8utpUPjfGrQ8fA==",
      "license": "MIT",
      "dependencies": {
        "@noble/hashes": "1.8.0"
      },
      "funding": {
        "url": "https://paulmillr.com/funding/"
      }
    }
  }
}
